
Microsoft Visual Studio Solution File, Format Version 12.00
# Visual Studio Version 17
VisualStudioVersion = 17.14.37012.4
MinimumVisualStudioVersion = 10.0.40219.1
Project("{8BC9CEB8-8B4A-11D0-8D11-00A0C91BC942}") = "Task1", "Lab2\Lab2.vcxproj", "{AECB4375-05AC-4F4F-9089-67D83724AA09}"
EndProject
Project("{8BC9CEB8-8B4A-11D0-8D11-00A0C91BC942}") = "CatchTest1", "CatchTest\CatchTest.vcxproj", "{FD9EECDE-B852-4215-8895-1D31231E8FB9}"
EndProject
Project("{8BC9CEB8-8B4A-11D0-8D11-00A0C91BC942}") = "Task2", "Task2\Task2.vcxproj", "{0FE87FEF-91F2-4F80-B910-53C12E081CB6}"
EndProject
Project("{8BC9CEB8-8B4A-11D0-8D11-00A0C91BC942}") = "Task3", "Task3\Task3.vcxproj", "{B4C545FC-61C1-40D1-8C7A-5E2CFA596D90}"
EndProject
Project("{8BC9CEB8-8B4A-11D0-8D11-00A0C91BC942}") = "CatchTest2", "CatchTest2\CatchTest2.vcxproj", "{3D7E2311-5A7A-4CDC-A045-9C8C8DE4C6FA}"
EndProject
Project("{8BC9CEB8-8B4A-11D0-8D11-00A0C91BC942}") = "CatchTest3", "CatchTest3\CatchTest3.vcxproj", "{A7D9DEE7-9CDC-4D5D-8D99-2280C2C3AE61}"
EndProject
Project("{8BC9CEB8-8B4A-11D0-8D11-00A0C91BC942}") = "Task4", "Task4\Task4.vcxproj", "{6237F241-F387-4E4C-A36D-051F1558E810}"
EndProject
Project("{8BC9CEB8-8B4A-11D0-8D11-00A0C91BC942}") = "CatchTest4", "CatchTest4\CatchTest4.vcxproj", "{009E80E9-6BCC-4235-BF25-E70EC54B6FEC}"
EndProject
Global
	GlobalSection(SolutionConfigurationPlatforms) = preSolution
		Debug|x64 = Debug|x64
		Debug|x86 = Debug|x86
		Release|x64 = Release|x64
		Release|x86 = Release|x86
	EndGlobalSection
	GlobalSection(ProjectConfigurationPlatforms) = postSolution
		{AECB4375-05AC-4F4F-9089-67D83724AA09}.Debug|x64.ActiveCfg = Debug|x64
		{AECB4375-05AC-4F4F-9089-67D83724AA09}.Debug|x64.Build.0 = Debug|x64
		{AECB4375-05AC-4F4F-9089-67D83724AA09}.Debug|x86.ActiveCfg = Debug|Win32
		{AECB4375-05AC-4F4F-9089-67D83724AA09}.Debug|x86.Build.0 = Debug|Win32
		{AECB4375-05AC-4F4F-9089-67D83724AA09}.Release|x64.ActiveCfg = Release|x64
		{AECB4375-05AC-4F4F-9089-67D83724AA09}.Release|x64.Build.0 = Release|x64
		{AECB4375-05AC-4F4F-9089-67D83724AA09}.Release|x86.ActiveCfg = Release|Win32
		{AECB4375-05AC-4F4F-9089-67D83724AA09}.Release|x86.Build.0 = Release|Win32
		{FD9EECDE-B852-4215-8895-1D31231E8FB9}.Debug|x64.ActiveCfg = Debug|x64
		{FD9EECDE-B852-4215-8895-1D31231E8FB9}.Debug|x64.Build.0 = Debug|x64
		{FD9EECDE-B852-4215-8895-1D31231E8FB9}.Debug|x86.ActiveCfg = Debug|Win32
		{FD9EECDE-B852-4215-8895-1D31231E8FB9}.Debug|x86.Build.0 = Debug|Win32
		{FD9EECDE-B852-4215-8895-1D31231E8FB9}.Release|x64.ActiveCfg = Release|x64
		{FD9EECDE-B852-4215-8895-1D31231E8FB9}.Release|x64.Build.0 = Release|x64
		{FD9EECDE-B852-4215-8895-1D31231E8FB9}.Release|x86.ActiveCfg = Release|Win32
		{FD9EECDE-B852-4215-8895-1D31231E8FB9}.Release|x86.Build.0 = Release|Win32
		{0FE87FEF-91F2-4F80-B910-53C12E081CB6}.Debug|x64.ActiveCfg = Debug|x64
		{0FE87FEF-91F2-4F80-B910-53C12E081CB6}.Debug|x64.Build.0 = Debug|x64
		{0FE87FEF-91F2-4F80-B910-53C12E081CB6}.Debug|x86.ActiveCfg = Debug|Win32
		{0FE87FEF-91F2-4F80-B910-53C12E081CB6}.Debug|x86.Build.0 = Debug|Win32
		{0FE87FEF-91F2-4F80-B910-53C12E081CB6}.Release|x64.ActiveCfg = Release|x64
		{0FE87FEF-91F2-4F80-B910-53C12E081CB6}.Release|x64.Build.0 = Release|x64
		{0FE87FEF-91F2-4F80-B910-53C12E081CB6}.Release|x86.ActiveCfg = Release|Win32
		{0FE87FEF-91F2-4F80-B910-53C12E081CB6}.Release|x86.Build.0 = Release|Win32
		{B4C545FC-61C1-40D1-8C7A-5E2CFA596D90}.Debug|x64.ActiveCfg = Debug|x64
		{B4C545FC-61C1-40D1-8C7A-5E2CFA596D90}.Debug|x64.Build.0 = Debug|x64
		{B4C545FC-61C1-40D1-8C7A-5E2CFA596D90}.Debug|x86.ActiveCfg = Debug|Win32
		{B4C545FC-61C1-40D1-8C7A-5E2CFA596D90}.Debug|x86.Build.0 = Debug|Win32
		{B4C545FC-61C1-40D1-8C7A-5E2CFA596D90}.Release|x64.ActiveCfg = Release|x64
		{B4C545FC-61C1-40D1-8C7A-5E2CFA596D90}.Release|x64.Build.0 = Release|x64
		{B4C545FC-61C1-40D1-8C7A-5E2CFA596D90}.Release|x86.ActiveCfg = Release|Win32
		{B4C545FC-61C1-40D1-8C7A-5E2CFA596D90}.Release|x86.Build.0 = Release|Win32
		{3D7E2311-5A7A-4CDC-A045-9C8C8DE4C6FA}.Debug|x64.ActiveCfg = Debug|x64
		{3D7E2311-5A7A-4CDC-A045-9C8C8DE4C6FA}.Debug|x64.Build.0 = Debug|x64
		{3D7E2311-5A7A-4CDC-A045-9C8C8DE4C6FA}.Debug|x86.ActiveCfg = Debug|Win32
		{3D7E2311-5A7A-4CDC-A045-9C8C8DE4C6FA}.Debug|x86.Build.0 = Debug|Win32
		{3D7E2311-5A7A-4CDC-A045-9C8C8DE4C6FA}.Release|x64.ActiveCfg = Release|x64
		{3D7E2311-5A7A-4CDC-A045-9C8C8DE4C6FA}.Release|x64.Build.0 = Release|x64
		{3D7E2311-5A7A-4CDC-A045-9C8C8DE4C6FA}.Release|x86.ActiveCfg = Release|Win32
		{3D7E2311-5A7A-4CDC-A045-9C8C8DE4C6FA}.Release|x86.Build.0 = Release|Win32
		{A7D9DEE7-9CDC-4D5D-8D99-2280C2C3AE61}.Debug|x64.ActiveCfg = Debug|x64
		{A7D9DEE7-9CDC-4D5D-8D99-2280C2C3AE61}.Debug|x64.Build.0 = Debug|x64
		{A7D9DEE7-9CDC-4D5D-8D99-2280C2C3AE61}.Debug|x86.ActiveCfg = Debug|Win32
		{A7D9DEE7-9CDC-4D5D-8D99-2280C2C3AE61}.Debug|x86.Build.0 = Debug|Win32
		{A7D9DEE7-9CDC-4D5D-8D99-2280C2C3AE61}.Release|x64.ActiveCfg = Release|x64
		{A7D9DEE7-9CDC-4D5D-8D99-2280C2C3AE61}.Release|x64.Build.0 = Release|x64
		{A7D9DEE7-9CDC-4D5D-8D99-2280C2C3AE61}.Release|x86.ActiveCfg = Release|Win32
		{A7D9DEE7-9CDC-4D5D-8D99-2280C2C3AE61}.Release|x86.Build.0 = Release|Win32
		{6237F241-F387-4E4C-A36D-051F1558E810}.Debug|x64.ActiveCfg = Debug|x64
		{6237F241-F387-4E4C-A36D-051F1558E810}.Debug|x64.Build.0 = Debug|x64
		{6237F241-F387-4E4C-A36D-051F1558E810}.Debug|x86.ActiveCfg = Debug|Win32
		{6237F241-F387-4E4C-A36D-051F1558E810}.Debug|x86.Build.0 = Debug|Win32
		{6237F241-F387-4E4C-A36D-051F1558E810}.Release|x64.ActiveCfg = Release|x64
		{6237F241-F387-4E4C-A36D-051F1558E810}.Release|x64.Build.0 = Release|x64
		{6237F241-F387-4E4C-A36D-051F1558E810}.Release|x86.ActiveCfg = Release|Win32
		{6237F241-F387-4E4C-A36D-051F1558E810}.Release|x86.Build.0 = Release|Win32
		{009E80E9-6BCC-4235-BF25-E70EC54B6FEC}.Debug|x64.ActiveCfg = Debug|x64
		{009E80E9-6BCC-4235-BF25-E70EC54B6FEC}.Debug|x64.Build.0 = Debug|x64
		{009E80E9-6BCC-4235-BF25-E70EC54B6FEC}.Debug|x86.ActiveCfg = Debug|Win32
		{009E80E9-6BCC-4235-BF25-E70EC54B6FEC}.Debug|x86.Build.0 = Debug|Win32
		{009E80E9-6BCC-4235-BF25-E70EC54B6FEC}.Release|x64.ActiveCfg = Release|x64
		{009E80E9-6BCC-4235-BF25-E70EC54B6FEC}.Release|x64.Build.0 = Release|x64
		{009E80E9-6BCC-4235-BF25-E70EC54B6FEC}.Release|x86.ActiveCfg = Release|Win32
		{009E80E9-6BCC-4235-BF25-E70EC54B6FEC}.Release|x86.Build.0 = Release|Win32
	EndGlobalSection
	GlobalSection(SolutionProperties) = preSolution
		HideSolutionNode = FALSE
	EndGlobalSection
	GlobalSection(ExtensibilityGlobals) = postSolution
		SolutionGuid = {72BBC1CE-86AC-4961-B8C6-F85A57CD59C4}
	EndGlobalSection
EndGlobal
